{
  "name": "bench-lm15",
  "version": "0.0.0",
  "lockfileVersion": 3,
  "requires": true,
  "packages": {
    "": {
      "name": "bench-lm15",
      "version": "0.0.0",
      "dependencies": {
        "lm15": "file:lm15.tgz"
      }
    },
    "node_modules/lm15": {
      "version": "1.0.0-alpha.0",
      "resolved": "file:lm15.tgz",
      "integrity": "sha512-E2hw0quHOCxzq9e/DoaaAarsG9vpFBYsuoMvkzHPnA+aux5SVndb4XItUYu5USiXe2glycb4vTBRnhwwFNzPDQ==",
      "license": "MIT",
      "bin": {
        "lm15-vet": "dist/vet.js"
      },
      "engines": {
        "node": ">=22.0.0"
      }
    }
  }
}
